
Microsoft Visual Studio Solution File, Format Version 12.00
Project("{FAE04EC0-301F-11D3-BF4B-00C04F79EFBC}") = "Movies.Web", "Movies.Web\Movies.Web.csproj", "{446B5602-45B5-4F52-B438-3CF0AB2BC297}"
EndProject
Project("{FAE04EC0-301F-11D3-BF4B-00C04F79EFBC}") = "Movies.Infrastructure", "Movies.Infrastructure\Movies.Infrastructure.csproj", "{5308CE93-092E-403C-8E47-EF9164C5E36E}"
EndProject
Project("{FAE04EC0-301F-11D3-BF4B-00C04F79EFBC}") = "Movies.Models", "Movies.Models\Movies.Models.csproj", "{9E763D5C-2895-444D-BB15-23B0FE4B5C9D}"
EndProject
Project("{FAE04EC0-301F-11D3-BF4B-00C04F79EFBC}") = "Movies.Services", "Movies.Services\Movies.Services.csproj", "{11A6A23C-409A-4BCE-8833-6E967A19B193}"
EndProject
Project("{FAE04EC0-301F-11D3-BF4B-00C04F79EFBC}") = "Movies.ConsoleApp", "Movies.ConsoleApp\Movies.ConsoleApp.csproj", "{F4C26D3B-C590-4741-BE96-36F405F9757E}"
EndProject
Global
	GlobalSection(SolutionConfigurationPlatforms) = preSolution
		Debug|Any CPU = Debug|Any CPU
		Release|Any CPU = Release|Any CPU
	EndGlobalSection
	GlobalSection(ProjectConfigurationPlatforms) = postSolution
		{446B5602-45B5-4F52-B438-3CF0AB2BC297}.Debug|Any CPU.ActiveCfg = Debug|Any CPU
		{446B5602-45B5-4F52-B438-3CF0AB2BC297}.Debug|Any CPU.Build.0 = Debug|Any CPU
		{446B5602-45B5-4F52-B438-3CF0AB2BC297}.Release|Any CPU.ActiveCfg = Release|Any CPU
		{446B5602-45B5-4F52-B438-3CF0AB2BC297}.Release|Any CPU.Build.0 = Release|Any CPU
		{5308CE93-092E-403C-8E47-EF9164C5E36E}.Debug|Any CPU.ActiveCfg = Debug|Any CPU
		{5308CE93-092E-403C-8E47-EF9164C5E36E}.Debug|Any CPU.Build.0 = Debug|Any CPU
		{5308CE93-092E-403C-8E47-EF9164C5E36E}.Release|Any CPU.ActiveCfg = Release|Any CPU
		{5308CE93-092E-403C-8E47-EF9164C5E36E}.Release|Any CPU.Build.0 = Release|Any CPU
		{9E763D5C-2895-444D-BB15-23B0FE4B5C9D}.Debug|Any CPU.ActiveCfg = Debug|Any CPU
		{9E763D5C-2895-444D-BB15-23B0FE4B5C9D}.Debug|Any CPU.Build.0 = Debug|Any CPU
		{9E763D5C-2895-444D-BB15-23B0FE4B5C9D}.Release|Any CPU.ActiveCfg = Release|Any CPU
		{9E763D5C-2895-444D-BB15-23B0FE4B5C9D}.Release|Any CPU.Build.0 = Release|Any CPU
		{11A6A23C-409A-4BCE-8833-6E967A19B193}.Debug|Any CPU.ActiveCfg = Debug|Any CPU
		{11A6A23C-409A-4BCE-8833-6E967A19B193}.Debug|Any CPU.Build.0 = Debug|Any CPU
		{11A6A23C-409A-4BCE-8833-6E967A19B193}.Release|Any CPU.ActiveCfg = Release|Any CPU
		{11A6A23C-409A-4BCE-8833-6E967A19B193}.Release|Any CPU.Build.0 = Release|Any CPU
		{F4C26D3B-C590-4741-BE96-36F405F9757E}.Debug|Any CPU.ActiveCfg = Debug|Any CPU
		{F4C26D3B-C590-4741-BE96-36F405F9757E}.Debug|Any CPU.Build.0 = Debug|Any CPU
		{F4C26D3B-C590-4741-BE96-36F405F9757E}.Release|Any CPU.ActiveCfg = Release|Any CPU
		{F4C26D3B-C590-4741-BE96-36F405F9757E}.Release|Any CPU.Build.0 = Release|Any CPU
	EndGlobalSection
EndGlobal
